# THIS IS AN AUTOGENERATED FILE. DO NOT EDIT THIS FILE DIRECTLY.
# yarn lockfile v1


"@3846masa/axios-cookiejar-support@^0.3.5":
  version "0.3.5"
  resolved "https://registry.yarnpkg.com/@3846masa/axios-cookiejar-support/-/axios-cookiejar-support-0.3.5.tgz#2a93deef1016370e64a0f375c986ee29808c4675"
  dependencies:
    "@types/tough-cookie" "^2.3.1"
    is-redirect "^1.0.0"
    pify "3.0.0"
    tough-cookie "2.3.4"

"@types/tough-cookie@^2.3.1":
  version "2.3.3"
  resolved "https://registry.yarnpkg.com/@types/tough-cookie/-/tough-cookie-2.3.3.tgz#7f226d67d654ec9070e755f46daebf014628e9d9"

ansi-styles@^3.2.1:
  version "3.2.1"
  resolved "https://registry.yarnpkg.com/ansi-styles/-/ansi-styles-3.2.1.tgz#41fbb20243e50b12be0f04b8dedbf07520ce841d"
  dependencies:
    color-convert "^1.9.0"

app-root-path@^2.0.1:
  version "2.1.0"
  resolved "https://registry.yarnpkg.com/app-root-path/-/app-root-path-2.1.0.tgz#98bf6599327ecea199309866e8140368fd2e646a"

axios@^0.18.0:
  version "0.18.0"
  resolved "https://registry.yarnpkg.com/axios/-/axios-0.18.0.tgz#32d53e4851efdc0a11993b6cd000789d70c05102"
  dependencies:
    follow-redirects "^1.3.0"
    is-buffer "^1.1.5"

chalk@^2.4.1:
  version "2.4.1"
  resolved "https://registry.yarnpkg.com/chalk/-/chalk-2.4.1.tgz#18c49ab16a037b6eb0152cc83e3471338215b66e"
  dependencies:
    ansi-styles "^3.2.1"
    escape-string-regexp "^1.0.5"
    supports-color "^5.3.0"

color-convert@^1.9.0:
  version "1.9.3"
  resolved "https://registry.yarnpkg.com/color-convert/-/color-convert-1.9.3.tgz#bb71850690e1f136567de629d2d5471deda4c1e8"
  dependencies:
    color-name "1.1.3"

color-name@1.1.3:
  version "1.1.3"
  resolved "https://registry.yarnpkg.com/color-name/-/color-name-1.1.3.tgz#a7d0558bd89c42f795dd42328f740831ca53bc25"

debug@^3.1.0:
  version "3.1.0"
  resolved "https://registry.yarnpkg.com/debug/-/debug-3.1.0.tgz#5bb5a0672628b64149566ba16819e61518c67261"
  dependencies:
    ms "2.0.0"

escape-string-regexp@^1.0.5:
  version "1.0.5"
  resolved "https://registry.yarnpkg.com/escape-string-regexp/-/escape-string-regexp-1.0.5.tgz#1b61c0562190a8dff6ae3bb2cf0200ca130b86d4"

follow-redirects@^1.3.0:
  version "1.5.7"
  resolved "https://registry.yarnpkg.com/follow-redirects/-/follow-redirects-1.5.7.tgz#a39e4804dacb90202bca76a9e2ac10433ca6a69a"
  dependencies:
    debug "^3.1.0"

graceful-fs@^4.1.11:
  version "4.1.11"
  resolved "https://registry.yarnpkg.com/graceful-fs/-/graceful-fs-4.1.11.tgz#0e8bdfe4d1ddb8854d64e04ea7c00e2a026e5658"

has-flag@^3.0.0:
  version "3.0.0"
  resolved "https://registry.yarnpkg.com/has-flag/-/has-flag-3.0.0.tgz#b5d454dc2199ae225699f3467e5a07f3b955bafd"

imurmurhash@^0.1.4:
  version "0.1.4"
  resolved "https://registry.yarnpkg.com/imurmurhash/-/imurmurhash-0.1.4.tgz#9218b9b2b928a238b13dc4fb6b6d576f231453ea"

is-buffer@^1.1.5:
  version "1.1.6"
  resolved "https://registry.yarnpkg.com/is-buffer/-/is-buffer-1.1.6.tgz#efaa2ea9daa0d7ab2ea13a97b2b8ad51fefbe8be"

is-redirect@^1.0.0:
  version "1.0.0"
  resolved "https://registry.yarnpkg.com/is-redirect/-/is-redirect-1.0.0.tgz#1d03dded53bd8db0f30c26e4f95d36fc7c87dc24"

kleur@^2.0.1:
  version "2.0.1"
  resolved "https://registry.yarnpkg.com/kleur/-/kleur-2.0.1.tgz#7cc64b0d188d0dcbc98bdcdfdda2cc10619ddce8"

localstorage-memory@^1.0.2:
  version "1.0.2"
  resolved "https://registry.yarnpkg.com/localstorage-memory/-/localstorage-memory-1.0.2.tgz#cd4a8f210e55dd519c929f4b4cc82829b58f9a51"

localstorage-ponyfill@^1.0.1:
  version "1.0.1"
  resolved "https://registry.yarnpkg.com/localstorage-ponyfill/-/localstorage-ponyfill-1.0.1.tgz#87be02a2a8afcc8fd4efb4b4a2c212dd90ec0a5b"
  dependencies:
    app-root-path "^2.0.1"
    localstorage-memory "^1.0.2"
    mkdirp "^0.5.1"
    node-localstorage "^1.3.0"

lodash@^4.17.10:
  version "4.17.10"
  resolved "https://registry.yarnpkg.com/lodash/-/lodash-4.17.10.tgz#1b7793cf7259ea38fb3661d4d38b3260af8ae4e7"

minimist@0.0.8:
  version "0.0.8"
  resolved "https://registry.yarnpkg.com/minimist/-/minimist-0.0.8.tgz#857fcabfc3397d2625b8228262e86aa7a011b05d"

mkdirp@^0.5.1:
  version "0.5.1"
  resolved "https://registry.yarnpkg.com/mkdirp/-/mkdirp-0.5.1.tgz#30057438eac6cf7f8c4767f38648d6697d75c903"
  dependencies:
    minimist "0.0.8"

moment-duration-format@^2.2.2:
  version "2.2.2"
  resolved "https://registry.yarnpkg.com/moment-duration-format/-/moment-duration-format-2.2.2.tgz#b957612de26016c9ad9eb6087c054573e5127779"

moment@^2.22.2:
  version "2.22.2"
  resolved "https://registry.yarnpkg.com/moment/-/moment-2.22.2.tgz#3c257f9839fc0e93ff53149632239eb90783ff66"

ms@2.0.0:
  version "2.0.0"
  resolved "https://registry.yarnpkg.com/ms/-/ms-2.0.0.tgz#5608aeadfc00be6c2901df5f9861788de0d597c8"

named-regexp@^0.1.1:
  version "0.1.1"
  resolved "https://registry.yarnpkg.com/named-regexp/-/named-regexp-0.1.1.tgz#cd9c5383245fa5cbc712a73d669b1e4e2aef590d"

node-localstorage@^1.3.0:
  version "1.3.1"
  resolved "https://registry.yarnpkg.com/node-localstorage/-/node-localstorage-1.3.1.tgz#3177ef42837f398aee5dd75e319b281e40704243"
  dependencies:
    write-file-atomic "^1.1.4"

pify@3.0.0:
  version "3.0.0"
  resolved "https://registry.yarnpkg.com/pify/-/pify-3.0.0.tgz#e5a4acd2c101fdf3d9a4d07f0dbc4db49dd28176"

prompts@^0.1.14:
  version "0.1.14"
  resolved "https://registry.yarnpkg.com/prompts/-/prompts-0.1.14.tgz#a8e15c612c5c9ec8f8111847df3337c9cbd443b2"
  dependencies:
    kleur "^2.0.1"
    sisteransi "^0.1.1"

punycode@^1.4.1:
  version "1.4.1"
  resolved "https://registry.yarnpkg.com/punycode/-/punycode-1.4.1.tgz#c0d5a63b2718800ad8e1eb0fa5269c84dd41845e"

querystring@^0.2.0:
  version "0.2.0"
  resolved "https://registry.yarnpkg.com/querystring/-/querystring-0.2.0.tgz#b209849203bb25df820da756e747005878521620"

sisteransi@^0.1.1:
  version "0.1.1"
  resolved "https://registry.yarnpkg.com/sisteransi/-/sisteransi-0.1.1.tgz#5431447d5f7d1675aac667ccd0b865a4994cb3ce"

slide@^1.1.5:
  version "1.1.6"
  resolved "https://registry.yarnpkg.com/slide/-/slide-1.1.6.tgz#56eb027d65b4d2dce6cb2e2d32c4d4afc9e1d707"

supports-color@^5.3.0:
  version "5.5.0"
  resolved "https://registry.yarnpkg.com/supports-color/-/supports-color-5.5.0.tgz#e2e69a44ac8772f78a1ec0b35b689df6530efc8f"
  dependencies:
    has-flag "^3.0.0"

tough-cookie@2.3.4:
  version "2.3.4"
  resolved "https://registry.yarnpkg.com/tough-cookie/-/tough-cookie-2.3.4.tgz#ec60cee38ac675063ffc97a5c18970578ee83655"
  dependencies:
    punycode "^1.4.1"

write-file-atomic@^1.1.4:
  version "1.3.4"
  resolved "https://registry.yarnpkg.com/write-file-atomic/-/write-file-atomic-1.3.4.tgz#f807a4f0b1d9e913ae7a48112e6cc3af1991b45f"
  dependencies:
    graceful-fs "^4.1.11"
    imurmurhash "^0.1.4"
    slide "^1.1.5"
